
Microsoft Visual Studio Solution File, Format Version 12.00
# Visual Studio Version 17
VisualStudioVersion = 17.7.34221.43
MinimumVisualStudioVersion = 10.0.40219.1
Project("{FAE04EC0-301F-11D3-BF4B-00C04F79EFBC}") = "CalculatorV2", "CalculatorV2.csproj", "{EA209FC4-F2F3-4974-A52D-F6F077E1628C}"
EndProject
Global
	GlobalSection(SolutionConfigurationPlatforms) = preSolution
		Debug|Any CPU = Debug|Any CPU
		Release|Any CPU = Release|Any CPU
	EndGlobalSection
	GlobalSection(ProjectConfigurationPlatforms) = postSolution
		{EA209FC4-F2F3-4974-A52D-F6F077E1628C}.Debug|Any CPU.ActiveCfg = Debug|Any CPU
		{EA209FC4-F2F3-4974-A52D-F6F077E1628C}.Debug|Any CPU.Build.0 = Debug|Any CPU
		{EA209FC4-F2F3-4974-A52D-F6F077E1628C}.Release|Any CPU.ActiveCfg = Release|Any CPU
		{EA209FC4-F2F3-4974-A52D-F6F077E1628C}.Release|Any CPU.Build.0 = Release|Any CPU
	EndGlobalSection
	GlobalSection(SolutionProperties) = preSolution
		HideSolutionNode = FALSE
	EndGlobalSection
	GlobalSection(ExtensibilityGlobals) = postSolution
		SolutionGuid = {3CA80CD6-4C2A-4B50-B08D-756F46730985}
	EndGlobalSection
EndGlobal
